
Microsoft Visual Studio Solution File, Format Version 12.00
# Visual Studio 15
VisualStudioVersion = 15.0.27130.2024
MinimumVisualStudioVersion = 10.0.40219.1
Project("{8BC9CEB8-8B4A-11D0-8D11-00A0C91BC942}") = "NYUCodebase", "NYUCodebase\NYUCodebase.vcxproj", "{49111BA2-C0AC-4ADA-A952-A55E3AF00AC8}"
EndProject
Project("{2150E333-8FDC-42A3-9474-1A3956D46DE8}") = "Solution Items", "Solution Items", "{638FB74A-0346-4C21-8DF2-79DFE849111D}"
EndProject
Global
	GlobalSection(SolutionConfigurationPlatforms) = preSolution
		Debug|Win32 = Debug|Win32
		Release|Win32 = Release|Win32
	EndGlobalSection
	GlobalSection(ProjectConfigurationPlatforms) = postSolution
		{49111BA2-C0AC-4ADA-A952-A55E3AF00AC8}.Debug|Win32.ActiveCfg = Debug|Win32
		{49111BA2-C0AC-4ADA-A952-A55E3AF00AC8}.Debug|Win32.Build.0 = Debug|Win32
		{49111BA2-C0AC-4ADA-A952-A55E3AF00AC8}.Release|Win32.ActiveCfg = Release|Win32
		{49111BA2-C0AC-4ADA-A952-A55E3AF00AC8}.Release|Win32.Build.0 = Release|Win32
	EndGlobalSection
	GlobalSection(SolutionProperties) = preSolution
		HideSolutionNode = FALSE
	EndGlobalSection
	GlobalSection(ExtensibilityGlobals) = postSolution
		SolutionGuid = {8792831D-D843-4294-B04E-CC5782197B26}
	EndGlobalSection
EndGlobal
